
Microsoft Visual Studio Solution File, Format Version 12.00
# Visual Studio Version 17
VisualStudioVersion = 17.9.34607.119
MinimumVisualStudioVersion = 10.0.40219.1
Project("{FAE04EC0-301F-11D3-BF4B-00C04F79EFBC}") = "eTickets", "eTickets\eTickets.csproj", "{AF7DE7CA-5E0D-4A1B-B6DC-28344A863CC2}"
EndProject
Global
	GlobalSection(SolutionConfigurationPlatforms) = preSolution
		Debug|Any CPU = Debug|Any CPU
		Release|Any CPU = Release|Any CPU
	EndGlobalSection
	GlobalSection(ProjectConfigurationPlatforms) = postSolution
		{AF7DE7CA-5E0D-4A1B-B6DC-28344A863CC2}.Debug|Any CPU.ActiveCfg = Debug|Any CPU
		{AF7DE7CA-5E0D-4A1B-B6DC-28344A863CC2}.Debug|Any CPU.Build.0 = Debug|Any CPU
		{AF7DE7CA-5E0D-4A1B-B6DC-28344A863CC2}.Release|Any CPU.ActiveCfg = Release|Any CPU
		{AF7DE7CA-5E0D-4A1B-B6DC-28344A863CC2}.Release|Any CPU.Build.0 = Release|Any CPU
	EndGlobalSection
	GlobalSection(SolutionProperties) = preSolution
		HideSolutionNode = FALSE
	EndGlobalSection
	GlobalSection(ExtensibilityGlobals) = postSolution
		SolutionGuid = {68781B3B-743A-4DFF-B514-069CF23A4571}
	EndGlobalSection
EndGlobal
